
Microsoft Visual Studio Solution File, Format Version 12.00
# Visual Studio Version 17
VisualStudioVersion = 17.13.35818.85 d17.13
MinimumVisualStudioVersion = 10.0.40219.1
Project("{FAE04EC0-301F-11D3-BF4B-00C04F79EFBC}") = "Quiz-Game", "Quiz-Game\Quiz-Game.csproj", "{D6FCF6F2-5011-49AE-ADF0-1F55C9AEC6FA}"
EndProject
Global
	GlobalSection(SolutionConfigurationPlatforms) = preSolution
		Debug|Any CPU = Debug|Any CPU
		Release|Any CPU = Release|Any CPU
	EndGlobalSection
	GlobalSection(ProjectConfigurationPlatforms) = postSolution
		{D6FCF6F2-5011-49AE-ADF0-1F55C9AEC6FA}.Debug|Any CPU.ActiveCfg = Debug|Any CPU
		{D6FCF6F2-5011-49AE-ADF0-1F55C9AEC6FA}.Debug|Any CPU.Build.0 = Debug|Any CPU
		{D6FCF6F2-5011-49AE-ADF0-1F55C9AEC6FA}.Release|Any CPU.ActiveCfg = Release|Any CPU
		{D6FCF6F2-5011-49AE-ADF0-1F55C9AEC6FA}.Release|Any CPU.Build.0 = Release|Any CPU
	EndGlobalSection
	GlobalSection(SolutionProperties) = preSolution
		HideSolutionNode = FALSE
	EndGlobalSection
	GlobalSection(ExtensibilityGlobals) = postSolution
		SolutionGuid = {2FD2AF38-FFE5-4961-AFD9-501879CDE28B}
	EndGlobalSection
EndGlobal
